
Microsoft Visual Studio Solution File, Format Version 12.00
# Visual Studio 14
VisualStudioVersion = 14.0.25420.1
MinimumVisualStudioVersion = 10.0.40219.1
Project("{FAE04EC0-301F-11D3-BF4B-00C04F79EFBC}") = "CarManagement.Common", "CarManagement.Common\CarManagement.Common.csproj", "{5A12BFB9-3EF7-4808-BAE0-9EE62661119A}"
EndProject
Project("{FAE04EC0-301F-11D3-BF4B-00C04F79EFBC}") = "CarManagement.Data", "CarManagement.Data\CarManagement.Data.csproj", "{94BF9197-6F1C-4CCB-B655-1EF19EB113E5}"
EndProject
Project("{FAE04EC0-301F-11D3-BF4B-00C04F79EFBC}") = "CarManagement.Model", "CarManagement.Model\CarManagement.Model.csproj", "{22E74EFF-8F4B-40B0-B942-0635594A9E09}"
EndProject
Project("{FAE04EC0-301F-11D3-BF4B-00C04F79EFBC}") = "CarManagement.Service", "CarManagement.Service\CarManagement.Service.csproj", "{DA4AFC62-3EF0-486F-A1ED-5D8D0F196704}"
EndProject
Project("{FAE04EC0-301F-11D3-BF4B-00C04F79EFBC}") = "CarManagement.UnitTest", "CarManagement.UnitTest\CarManagement.UnitTest.csproj", "{FFD468C7-86E3-4D38-AC19-552BBA76372B}"
EndProject
Project("{FAE04EC0-301F-11D3-BF4B-00C04F79EFBC}") = "CarManagement.Web", "CarManagement.Web\CarManagement.Web.csproj", "{36C6D6EB-7D21-4360-9D27-DB051FA5699A}"
EndProject
Global
	GlobalSection(SolutionConfigurationPlatforms) = preSolution
		Debug|Any CPU = Debug|Any CPU
		Release|Any CPU = Release|Any CPU
	EndGlobalSection
	GlobalSection(ProjectConfigurationPlatforms) = postSolution
		{5A12BFB9-3EF7-4808-BAE0-9EE62661119A}.Debug|Any CPU.ActiveCfg = Debug|Any CPU
		{5A12BFB9-3EF7-4808-BAE0-9EE62661119A}.Debug|Any CPU.Build.0 = Debug|Any CPU
		{5A12BFB9-3EF7-4808-BAE0-9EE62661119A}.Release|Any CPU.ActiveCfg = Release|Any CPU
		{5A12BFB9-3EF7-4808-BAE0-9EE62661119A}.Release|Any CPU.Build.0 = Release|Any CPU
		{94BF9197-6F1C-4CCB-B655-1EF19EB113E5}.Debug|Any CPU.ActiveCfg = Debug|Any CPU
		{94BF9197-6F1C-4CCB-B655-1EF19EB113E5}.Debug|Any CPU.Build.0 = Debug|Any CPU
		{94BF9197-6F1C-4CCB-B655-1EF19EB113E5}.Release|Any CPU.ActiveCfg = Release|Any CPU
		{94BF9197-6F1C-4CCB-B655-1EF19EB113E5}.Release|Any CPU.Build.0 = Release|Any CPU
		{22E74EFF-8F4B-40B0-B942-0635594A9E09}.Debug|Any CPU.ActiveCfg = Debug|Any CPU
		{22E74EFF-8F4B-40B0-B942-0635594A9E09}.Debug|Any CPU.Build.0 = Debug|Any CPU
		{22E74EFF-8F4B-40B0-B942-0635594A9E09}.Release|Any CPU.ActiveCfg = Release|Any CPU
		{22E74EFF-8F4B-40B0-B942-0635594A9E09}.Release|Any CPU.Build.0 = Release|Any CPU
		{DA4AFC62-3EF0-486F-A1ED-5D8D0F196704}.Debug|Any CPU.ActiveCfg = Debug|Any CPU
		{DA4AFC62-3EF0-486F-A1ED-5D8D0F196704}.Debug|Any CPU.Build.0 = Debug|Any CPU
		{DA4AFC62-3EF0-486F-A1ED-5D8D0F196704}.Release|Any CPU.ActiveCfg = Release|Any CPU
		{DA4AFC62-3EF0-486F-A1ED-5D8D0F196704}.Release|Any CPU.Build.0 = Release|Any CPU
		{FFD468C7-86E3-4D38-AC19-552BBA76372B}.Debug|Any CPU.ActiveCfg = Debug|Any CPU
		{FFD468C7-86E3-4D38-AC19-552BBA76372B}.Debug|Any CPU.Build.0 = Debug|Any CPU
		{FFD468C7-86E3-4D38-AC19-552BBA76372B}.Release|Any CPU.ActiveCfg = Release|Any CPU
		{FFD468C7-86E3-4D38-AC19-552BBA76372B}.Release|Any CPU.Build.0 = Release|Any CPU
		{36C6D6EB-7D21-4360-9D27-DB051FA5699A}.Debug|Any CPU.ActiveCfg = Debug|Any CPU
		{36C6D6EB-7D21-4360-9D27-DB051FA5699A}.Debug|Any CPU.Build.0 = Debug|Any CPU
		{36C6D6EB-7D21-4360-9D27-DB051FA5699A}.Release|Any CPU.ActiveCfg = Release|Any CPU
		{36C6D6EB-7D21-4360-9D27-DB051FA5699A}.Release|Any CPU.Build.0 = Release|Any CPU
	EndGlobalSection
	GlobalSection(SolutionProperties) = preSolution
		HideSolutionNode = FALSE
	EndGlobalSection
EndGlobal
